
Microsoft Visual Studio Solution File, Format Version 12.00
# Visual Studio Version 16
VisualStudioVersion = 16.0.30204.135
MinimumVisualStudioVersion = 10.0.40219.1
Project("{FAE04EC0-301F-11D3-BF4B-00C04F79EFBC}") = "Trabalho_Faculdade_Reentrega", "Trabalho_Faculdade_Reentrega\Trabalho_Faculdade_Reentrega.csproj", "{193FC9F9-2BA8-472E-B530-5C7A4BD373FF}"
EndProject
Global
	GlobalSection(SolutionConfigurationPlatforms) = preSolution
		Debug|Any CPU = Debug|Any CPU
		Release|Any CPU = Release|Any CPU
	EndGlobalSection
	GlobalSection(ProjectConfigurationPlatforms) = postSolution
		{193FC9F9-2BA8-472E-B530-5C7A4BD373FF}.Debug|Any CPU.ActiveCfg = Debug|Any CPU
		{193FC9F9-2BA8-472E-B530-5C7A4BD373FF}.Debug|Any CPU.Build.0 = Debug|Any CPU
		{193FC9F9-2BA8-472E-B530-5C7A4BD373FF}.Release|Any CPU.ActiveCfg = Release|Any CPU
		{193FC9F9-2BA8-472E-B530-5C7A4BD373FF}.Release|Any CPU.Build.0 = Release|Any CPU
	EndGlobalSection
	GlobalSection(SolutionProperties) = preSolution
		HideSolutionNode = FALSE
	EndGlobalSection
	GlobalSection(ExtensibilityGlobals) = postSolution
		SolutionGuid = {EF7BA5E5-1DC7-4412-AD2E-4240CBA1F28A}
	EndGlobalSection
EndGlobal
